# Written by `python audit.py --record-renders`, immediately after a sequence
# diagram is re-exported. Maps each .drawio to the hash of the source its
# committed PNG was made from; audit.py fails when the two drift apart.
# Sequence renders are committed and carry an issue's scope, so a wrong picture
# is worse than a missing one. See drawio-general-guide.md.
docs/diagrams/seq-uc01-balance-sheet.drawio:
  render: seq-uc01-balance-sheet.png
  source_sha: a1621b41413e4be344fad15ea00836f3be94d62ff75d25520b26f36bb0e9dc49
docs/diagrams/seq-uc02-add-account.drawio:
  render: seq-uc02-add-account.png
  source_sha: 4593fc6db062fcbad7f9e69e511afd545d0901ae3f3aec4a899485442419929f
docs/diagrams/seq-uc03-adjust-account.drawio:
  render: seq-uc03-adjust-account.png
  source_sha: 4dbac13928d6d1cc61556422e3cc446c28447c94f8075e350c5d2bac4da432ab
docs/diagrams/seq-uc04-record-expense.drawio:
  render: seq-uc04-record-expense.png
  source_sha: b69b0adbfa71ca1b46f789173714bfed0f939bd33ff1a7e396f8d1681127da78
docs/diagrams/seq-uc05-record-income.drawio:
  render: seq-uc05-record-income.png
  source_sha: 830edb9444189113795df72bb0cb7351bbf5569242bca92a128fa85ae2663d3b
docs/diagrams/seq-uc06-move-money.drawio:
  render: seq-uc06-move-money.png
  source_sha: 00a0e3586d2429336e8c6cb639b8b753c697e898b1b1ac4d77b95a41d87fc5c9
docs/diagrams/seq-uc07-lend-borrow.drawio:
  render: seq-uc07-lend-borrow.png
  source_sha: 0dca62097b40f0bca8b3050e34643e3a6b68761e57e7a971b9d4bebdcd4ffaa4
docs/diagrams/seq-uc08-repayment.drawio:
  render: seq-uc08-repayment.png
  source_sha: be18fb3e594ee32214e5c4d370a8cebee75dd4d9714d8ff03239221e6038283d
docs/diagrams/seq-uc09-review-and-correct.drawio:
  render: seq-uc09-review-and-correct.png
  source_sha: f43d99e3169f0d2ccef8bc300fabbde8a05d4ee4ca2974fafc0bcb871235f982
docs/diagrams/seq-uc10-debt-progress.drawio:
  render: seq-uc10-debt-progress.png
  source_sha: ca84aa1a6825251aa208c49153281cf558d2d169b7df729a81bf2445bd932a38
docs/diagrams/seq-uc11-set-budget.drawio:
  render: seq-uc11-set-budget.png
  source_sha: 1b67a29e2ae64c782ab945601906e1c3719a9112ac24a3072cd52c91481e3558
docs/diagrams/seq-uc12-budget-consumption.drawio:
  render: seq-uc12-budget-consumption.png
  source_sha: 469c4369b82967d9bb03681ca2e405836513957d2ac36660f514c3ff4d5a2c3b
docs/diagrams/seq-uc13-categories.drawio:
  render: seq-uc13-categories.png
  source_sha: 1a31fa2c5cf6f3255bae5770967a07847db499fcbf4f5a90ef15abb165c426a2
docs/diagrams/seq-uc14-choose-currency.drawio:
  render: seq-uc14-choose-currency.png
  source_sha: d96156277480bd65ddb4a819373abc6e4b3d9aeb375b5f1c07aa244c7f772e3f
